// !$*UTF8*$!
{
	archiveVersion = 1;
	classes = {
	};
	objectVersion = 56;
	objects = {

/* Begin PBXBuildFile section */
		3AE92E732A45BB66001B0DCC /* AppDelegate.swift in Sources */ = {isa = PBXBuildFile; fileRef = 3AE92E722A45BB66001B0DCC /* AppDelegate.swift */; };
		3AE92E752A45BB66001B0DCC /* SceneDelegate.swift in Sources */ = {isa = PBXBuildFile; fileRef = 3AE92E742A45BB66001B0DCC /* SceneDelegate.swift */; };
		3AE92E772A45BB66001B0DCC /* ViewController.swift in Sources */ = {isa = PBXBuildFile; fileRef = 3AE92E762A45BB66001B0DCC /* ViewController.swift */; };
		3AE92E7A2A45BB66001B0DCC /* Main.storyboard in Resources */ = {isa = PBXBuildFile; fileRef = 3AE92E782A45BB66001B0DCC /* Main.storyboard */; };
		3AE92E7D2A45BB66001B0DCC /* newView.xcdatamodeld in Sources */ = {isa = PBXBuildFile; fileRef = 3AE92E7B2A45BB66001B0DCC /* newView.xcdatamodeld */; };
		3AE92E7F2A45BB67001B0DCC /* Assets.xcassets in Resources */ = {isa = PBXBuildFile; fileRef = 3AE92E7E2A45BB67001B0DCC /* Assets.xcassets */; };
		3AE92E822A45BB67001B0DCC /* LaunchScreen.storyboard in Resources */ = {isa = PBXBuildFile; fileRef = 3AE92E802A45BB67001B0DCC /* LaunchScreen.storyboard */; };
/* End PBXBuildFile section */

/* Begin PBXFileReference section */
		3AE92E6F2A45BB66001B0DCC /* newView.app */ = {isa = PBXFileReference; explicitFileType = wrapper.application; includeInIndex = 0; path = newView.app; sourceTree = BUILT_PRODUCTS_DIR; };
		3AE92E722A45BB66001B0DCC /* AppDelegate.swift */ = {isa = PBXFileReference; lastKnownFileType = sourcecode.swift; path = AppDelegate.swift; sourceTree = "<group>"; };
		3AE92E742A45BB66001B0DCC /* SceneDelegate.swift */ = {isa = PBXFileReference; lastKnownFileType = sourcecode.swift; path = SceneDelegate.swift; sourceTree = "<group>"; };
		3AE92E762A45BB66001B0DCC /* ViewController.swift */ = {isa = PBXFileReference; lastKnownFileType = sourcecode.swift; path = ViewController.swift; sourceTree = "<group>"; };
		3AE92E792A45BB66001B0DCC /* Base */ = {isa = PBXFileReference; lastKnownFileType = file.storyboard; name = Base; path = Base.lproj/Main.storyboard; sourceTree = "<group>"; };
		3AE92E7C2A45BB66001B0DCC /* newView.xcdatamodel */ = {isa = PBXFileReference; lastKnownFileType = wrapper.xcdatamodel; path = newView.xcdatamodel; sourceTree = "<group>"; };
		3AE92E7E2A45BB67001B0DCC /* Assets.xcassets */ = {isa = PBXFileReference; lastKnownFileType = folder.assetcatalog; path = Assets.xcassets; sourceTree = "<group>"; };
		3AE92E812A45BB67001B0DCC /* Base */ = {isa = PBXFileReference; lastKnownFileType = file.storyboard; name = Base; path = Base.lproj/LaunchScreen.storyboard; sourceTree = "<group>"; };
		3AE92E832A45BB67001B0DCC /* Info.plist */ = {isa = PBXFileReference; lastKnownFileType = text.plist.xml; path = Info.plist; sourceTree = "<group>"; };
/* End PBXFileReference section */

/* Begin PBXFrameworksBuildPhase section */
		3AE92E6C2A45BB66001B0DCC /* Frameworks */ = {
			isa = PBXFrameworksBuildPhase;
			buildActionMask = 2147483647;
			files = (
			);
			runOnlyForDeploymentPostprocessing = 0;
		};
/* End PBXFrameworksBuildPhase section */

/* Begin PBXGroup section */
		3AE92E662A45BB66001B0DCC = {
			isa = PBXGroup;
			children = (
				3AE92E712A45BB66001B0DCC /* newView */,
				3AE92E702A45BB66001B0DCC /* Products */,
			);
			sourceTree = "<group>";
		};
		3AE92E702A45BB66001B0DCC /* Products */ = {
			isa = PBXGroup;
			children = (
				3AE92E6F2A45BB66001B0DCC /* newView.app */,
			);
			name = Products;
			sourceTree = "<group>";
		};
		3AE92E712A45BB66001B0DCC /* newView */ = {
			isa = PBXGroup;
			children = (
				3AE92E722A45BB66001B0DCC /* AppDelegate.swift */,
				3AE92E742A45BB66001B0DCC /* SceneDelegate.swift */,
				3AE92E762A45BB66001B0DCC /* ViewController.swift */,
				3AE92E782A45BB66001B0DCC /* Main.storyboard */,
				3AE92E7E2A45BB67001B0DCC /* Assets.xcassets */,
				3AE92E802A45BB67001B0DCC /* LaunchScreen.storyboard */,
				3AE92E832A45BB67001B0DCC /* Info.plist */,
				3AE92E7B2A45BB66001B0DCC /* newView.xcdatamodeld */,
			);
			path = newView;
			sourceTree = "<group>";
		};
/* End PBXGroup section */

/* Begin PBXNativeTarget section */
		3AE92E6E2A45BB66001B0DCC /* newView */ = {
			isa = PBXNativeTarget;
			buildConfigurationList = 3AE92E862A45BB67001B0DCC /* Build configuration list for PBXNativeTarget "newView" */;
			buildPhases = (
				3AE92E6B2A45BB66001B0DCC /* Sources */,
				3AE92E6C2A45BB66001B0DCC /* Frameworks */,
				3AE92E6D2A45BB66001B0DCC /* Resources */,
			);
			buildRules = (
			);
			dependencies = (
			);
			name = newView;
			productName = newView;
			productReference = 3AE92E6F2A45BB66001B0DCC /* newView.app */;
			productType = "com.apple.product-type.application";
		};
/* End PBXNativeTarget section */

/* Begin PBXProject section */
		3AE92E672A45BB66001B0DCC /* Project object */ = {
			isa = PBXProject;
			attributes = {
				BuildIndependentTargetsInParallel = 1;
				LastSwiftUpdateCheck = 1420;
				LastUpgradeCheck = 1420;
				TargetAttributes = {
					3AE92E6E2A45BB66001B0DCC = {
						CreatedOnToolsVersion = 14.2;
					};
				};
			};
			buildConfigurationList = 3AE92E6A2A45BB66001B0DCC /* Build configuration list for PBXProject "newView" */;
			compatibilityVersion = "Xcode 14.0";
			developmentRegion = en;
			hasScannedForEncodings = 0;
			knownRegions = (
				en,
				Base,
			);
			mainGroup = 3AE92E662A45BB66001B0DCC;
			productRefGroup = 3AE92E702A45BB66001B0DCC /* Products */;
			projectDirPath = "";
			projectRoot = "";
			targets = (
				3AE92E6E2A45BB66001B0DCC /* newView */,
			);
		};
/* End PBXProject section */

/* Begin PBXResourcesBuildPhase section */
		3AE92E6D2A45BB66001B0DCC /* Resources */ = {
			isa = PBXResourcesBuildPhase;
			buildActionMask = 2147483647;
			files = (
				3AE92E822A45BB67001B0DCC /* LaunchScreen.storyboard in Resources */,
				3AE92E7F2A45BB67001B0DCC /* Assets.xcassets in Resources */,
				3AE92E7A2A45BB66001B0DCC /* Main.storyboard in Resources */,
			);
			runOnlyForDeploymentPostprocessing = 0;
		};
/* End PBXResourcesBuildPhase section */

/* Begin PBXSourcesBuildPhase section */
		3AE92E6B2A45BB66001B0DCC /* Sources */ = {
			isa = PBXSourcesBuildPhase;
			buildActionMask = 2147483647;
			files = (
				3AE92E772A45BB66001B0DCC /* ViewController.swift in Sources */,
				3AE92E7D2A45BB66001B0DCC /* newView.xcdatamodeld in Sources */,
				3AE92E732A45BB66001B0DCC /* AppDelegate.swift in Sources */,
				3AE92E752A45BB66001B0DCC /* SceneDelegate.swift in Sources */,
			);
			runOnlyForDeploymentPostprocessing = 0;
		};
/* End PBXSourcesBuildPhase section */

/* Begin PBXVariantGroup section */
		3AE92E782A45BB66001B0DCC /* Main.storyboard */ = {
			isa = PBXVariantGroup;
			children = (
				3AE92E792A45BB66001B0DCC /* Base */,
			);
			name = Main.storyboard;
			sourceTree = "<group>";
		};
		3AE92E802A45BB67001B0DCC /* LaunchScreen.storyboard */ = {
			isa = PBXVariantGroup;
			children = (
				3AE92E812A45BB67001B0DCC /* Base */,
			);
			name = LaunchScreen.storyboard;
			sourceTree = "<group>";
		};
/* End PBXVariantGroup section */

/* Begin XCBuildConfiguration section */
		3AE92E842A45BB67001B0DCC /* Debug */ = {
			isa = XCBuildConfiguration;
			buildSettings = {
				ALWAYS_SEARCH_USER_PATHS = NO;
				CLANG_ANALYZER_NONNULL = YES;
				CLANG_ANALYZER_NUMBER_OBJECT_CONVERSION = YES_AGGRESSIVE;
				CLANG_CXX_LANGUAGE_STANDARD = "gnu++20";
				CLANG_ENABLE_MODULES = YES;
				CLANG_ENABLE_OBJC_ARC = YES;
				CLANG_ENABLE_OBJC_WEAK = YES;
				CLANG_WARN_BLOCK_CAPTURE_AUTORELEASING = YES;
				CLANG_WARN_BOOL_CONVERSION = YES;
				CLANG_WARN_COMMA = YES;
				CLANG_WARN_CONSTANT_CONVERSION = YES;
				CLANG_WARN_DEPRECATED_OBJC_IMPLEMENTATIONS = YES;
				CLANG_WARN_DIRECT_OBJC_ISA_USAGE = YES_ERROR;
				CLANG_WARN_DOCUMENTATION_COMMENTS = YES;
				CLANG_WARN_EMPTY_BODY = YES;
				CLANG_WARN_ENUM_CONVERSION = YES;
				CLANG_WARN_INFINITE_RECURSION = YES;
				CLANG_WARN_INT_CONVERSION = YES;
				CLANG_WARN_NON_LITERAL_NULL_CONVERSION = YES;
				CLANG_WARN_OBJC_IMPLICIT_RETAIN_SELF = YES;
				CLANG_WARN_OBJC_LITERAL_CONVERSION = YES;
				CLANG_WARN_OBJC_ROOT_CLASS = YES_ERROR;
				CLANG_WARN_QUOTED_INCLUDE_IN_FRAMEWORK_HEADER = YES;
				CLANG_WARN_RANGE_LOOP_ANALYSIS = YES;
				CLANG_WARN_STRICT_PROTOTYPES = YES;
				CLANG_WARN_SUSPICIOUS_MOVE = YES;
				CLANG_WARN_UNGUARDED_AVAILABILITY = YES_AGGRESSIVE;
				CLANG_WARN_UNREACHABLE_CODE = YES;
				CLANG_WARN__DUPLICATE_METHOD_MATCH = YES;
				COPY_PHASE_STRIP = NO;
				DEBUG_INFORMATION_FORMAT = dwarf;
				ENABLE_STRICT_OBJC_MSGSEND = YES;
				ENABLE_TESTABILITY = YES;
				GCC_C_LANGUAGE_STANDARD = gnu11;
				GCC_DYNAMIC_NO_PIC = NO;
				GCC_NO_COMMON_BLOCKS = YES;
				GCC_OPTIMIZATION_LEVEL = 0;
				GCC_PREPROCESSOR_DEFINITIONS = (
					"DEBUG=1",
					"$(inherited)",
				);
				GCC_WARN_64_TO_32_BIT_CONVERSION = YES;
				GCC_WARN_ABOUT_RETURN_TYPE = YES_ERROR;
				GCC_WARN_UNDECLARED_SELECTOR = YES;
				GCC_WARN_UNINITIALIZED_AUTOS = YES_AGGRESSIVE;
				GCC_WARN_UNUSED_FUNCTION = YES;
				GCC_WARN_UNUSED_VARIABLE = YES;
				IPHONEOS_DEPLOYMENT_TARGET = 16.2;
				MTL_ENABLE_DEBUG_INFO = INCLUDE_SOURCE;
				MTL_FAST_MATH = YES;
				ONLY_ACTIVE_ARCH = YES;
				SDKROOT = iphoneos;
				SWIFT_ACTIVE_COMPILATION_CONDITIONS = DEBUG;
				SWIFT_OPTIMIZATION_LEVEL = "-Onone";
			};
			name = Debug;
		};
		3AE92E852A45BB67001B0DCC /* Release */ = {
			isa = XCBuildConfiguration;
			buildSettings = {
				ALWAYS_SEARCH_USER_PATHS = NO;
				CLANG_ANALYZER_NONNULL = YES;
				CLANG_ANALYZER_NUMBER_OBJECT_CONVERSION = YES_AGGRESSIVE;
				CLANG_CXX_LANGUAGE_STANDARD = "gnu++20";
				CLANG_ENABLE_MODULES = YES;
				CLANG_ENABLE_OBJC_ARC = YES;
				CLANG_ENABLE_OBJC_WEAK = YES;
				CLANG_WARN_BLOCK_CAPTURE_AUTORELEASING = YES;
				CLANG_WARN_BOOL_CONVERSION = YES;
				CLANG_WARN_COMMA = YES;
				CLANG_WARN_CONSTANT_CONVERSION = YES;
				CLANG_WARN_DEPRECATED_OBJC_IMPLEMENTATIONS = YES;
				CLANG_WARN_DIRECT_OBJC_ISA_USAGE = YES_ERROR;
				CLANG_WARN_DOCUMENTATION_COMMENTS = YES;
				CLANG_WARN_EMPTY_BODY = YES;
				CLANG_WARN_ENUM_CONVERSION = YES;
				CLANG_WARN_INFINITE_RECURSION = YES;
				CLANG_WARN_INT_CONVERSION = YES;
				CLANG_WARN_NON_LITERAL_NULL_CONVERSION = YES;
				CLANG_WARN_OBJC_IMPLICIT_RETAIN_SELF = YES;
				CLANG_WARN_OBJC_LITERAL_CONVERSION = YES;
				CLANG_WARN_OBJC_ROOT_CLASS = YES_ERROR;
				CLANG_WARN_QUOTED_INCLUDE_IN_FRAMEWORK_HEADER = YES;
				CLANG_WARN_RANGE_LOOP_ANALYSIS = YES;
				CLANG_WARN_STRICT_PROTOTYPES = YES;
				CLANG_WARN_SUSPICIOUS_MOVE = YES;
				CLANG_WARN_UNGUARDED_AVAILABILITY = YES_AGGRESSIVE;
				CLANG_WARN_UNREACHABLE_CODE = YES;
				CLANG_WARN__DUPLICATE_METHOD_MATCH = YES;
				COPY_PHASE_STRIP = NO;
				DEBUG_INFORMATION_FORMAT = "dwarf-with-dsym";
				ENABLE_NS_ASSERTIONS = NO;
				ENABLE_STRICT_OBJC_MSGSEND = YES;
				GCC_C_LANGUAGE_STANDARD = gnu11;
				GCC_NO_COMMON_BLOCKS = YES;
				GCC_WARN_64_TO_32_BIT_CONVERSION = YES;
				GCC_WARN_ABOUT_RETURN_TYPE = YES_ERROR;
				GCC_WARN_UNDECLARED_SELECTOR = YES;
				GCC_WARN_UNINITIALIZED_AUTOS = YES_AGGRESSIVE;
				GCC_WARN_UNUSED_FUNCTION = YES;
				GCC_WARN_UNUSED_VARIABLE = YES;
				IPHONEOS_DEPLOYMENT_TARGET = 16.2;
				MTL_ENABLE_DEBUG_INFO = NO;
				MTL_FAST_MATH = YES;
				SDKROOT = iphoneos;
				SWIFT_COMPILATION_MODE = wholemodule;
				SWIFT_OPTIMIZATION_LEVEL = "-O";
				VALIDATE_PRODUCT = YES;
			};
			name = Release;
		};
		3AE92E872A45BB67001B0DCC /* Debug */ = {
			isa = XCBuildConfiguration;
			buildSettings = {
				ASSETCATALOG_COMPILER_APPICON_NAME = AppIcon;
				ASSETCATALOG_COMPILER_GLOBAL_ACCENT_COLOR_NAME = AccentColor;
				CODE_SIGN_STYLE = Automatic;
				CURRENT_PROJECT_VERSION = 1;
				DEVELOPMENT_TEAM = D58R775U6Q;
				GENERATE_INFOPLIST_FILE = YES;
				INFOPLIST_FILE = newView/Info.plist;
				INFOPLIST_KEY_UIApplicationSupportsIndirectInputEvents = YES;
				INFOPLIST_KEY_UILaunchStoryboardName = LaunchScreen;
				INFOPLIST_KEY_UIMainStoryboardFile = Main;
				INFOPLIST_KEY_UISupportedInterfaceOrientations_iPad = "UIInterfaceOrientationPortrait UIInterfaceOrientationPortraitUpsideDown UIInterfaceOrientationLandscapeLeft UIInterfaceOrientationLandscapeRight";
				INFOPLIST_KEY_UISupportedInterfaceOrientations_iPhone = "UIInterfaceOrientationPortrait UIInterfaceOrientationLandscapeLeft UIInterfaceOrientationLandscapeRight";
				LD_RUNPATH_SEARCH_PATHS = (
					"$(inherited)",
					"@executable_path/Frameworks",
				);
				MARKETING_VERSION = 1.0;
				PRODUCT_BUNDLE_IDENTIFIER = AntonAkhmedzyanov.newView;
				PRODUCT_NAME = "$(TARGET_NAME)";
				SWIFT_EMIT_LOC_STRINGS = YES;
				SWIFT_VERSION = 5.0;
				TARGETED_DEVICE_FAMILY = "1,2";
			};
			name = Debug;
		};
		3AE92E882A45BB67001B0DCC /* Release */ = {
			isa = XCBuildConfiguration;
			buildSettings = {
				ASSETCATALOG_COMPILER_APPICON_NAME = AppIcon;
				ASSETCATALOG_COMPILER_GLOBAL_ACCENT_COLOR_NAME = AccentColor;
				CODE_SIGN_STYLE = Automatic;
				CURRENT_PROJECT_VERSION = 1;
				DEVELOPMENT_TEAM = D58R775U6Q;
				GENERATE_INFOPLIST_FILE = YES;
				INFOPLIST_FILE = newView/Info.plist;
				INFOPLIST_KEY_UIApplicationSupportsIndirectInputEvents = YES;
				INFOPLIST_KEY_UILaunchStoryboardName = LaunchScreen;
				INFOPLIST_KEY_UIMainStoryboardFile = Main;
				INFOPLIST_KEY_UISupportedInterfaceOrientations_iPad = "UIInterfaceOrientationPortrait UIInterfaceOrientationPortraitUpsideDown UIInterfaceOrientationLandscapeLeft UIInterfaceOrientationLandscapeRight";
				INFOPLIST_KEY_UISupportedInterfaceOrientations_iPhone = "UIInterfaceOrientationPortrait UIInterfaceOrientationLandscapeLeft UIInterfaceOrientationLandscapeRight";
				LD_RUNPATH_SEARCH_PATHS = (
					"$(inherited)",
					"@executable_path/Frameworks",
				);
				MARKETING_VERSION = 1.0;
				PRODUCT_BUNDLE_IDENTIFIER = AntonAkhmedzyanov.newView;
				PRODUCT_NAME = "$(TARGET_NAME)";
				SWIFT_EMIT_LOC_STRINGS = YES;
				SWIFT_VERSION = 5.0;
				TARGETED_DEVICE_FAMILY = "1,2";
			};
			name = Release;
		};
/* End XCBuildConfiguration section */

/* Begin XCConfigurationList section */
		3AE92E6A2A45BB66001B0DCC /* Build configuration list for PBXProject "newView" */ = {
			isa = XCConfigurationList;
			buildConfigurations = (
				3AE92E842A45BB67001B0DCC /* Debug */,
				3AE92E852A45BB67001B0DCC /* Release */,
			);
			defaultConfigurationIsVisible = 0;
			defaultConfigurationName = Release;
		};
		3AE92E862A45BB67001B0DCC /* Build configuration list for PBXNativeTarget "newView" */ = {
			isa = XCConfigurationList;
			buildConfigurations = (
				3AE92E872A45BB67001B0DCC /* Debug */,
				3AE92E882A45BB67001B0DCC /* Release */,
			);
			defaultConfigurationIsVisible = 0;
			defaultConfigurationName = Release;
		};
/* End XCConfigurationList section */

/* Begin XCVersionGroup section */
		3AE92E7B2A45BB66001B0DCC /* newView.xcdatamodeld */ = {
			isa = XCVersionGroup;
			children = (
				3AE92E7C2A45BB66001B0DCC /* newView.xcdatamodel */,
			);
			currentVersion = 3AE92E7C2A45BB66001B0DCC /* newView.xcdatamodel */;
			path = newView.xcdatamodeld;
			sourceTree = "<group>";
			versionGroupType = wrapper.xcdatamodel;
		};
/* End XCVersionGroup section */
	};
	rootObject = 3AE92E672A45BB66001B0DCC /* Project object */;
}
